
Microsoft Visual Studio Solution File, Format Version 12.00
# Visual Studio Version 16
VisualStudioVersion = 16.0.29609.76
MinimumVisualStudioVersion = 10.0.40219.1
Project("{2150E333-8FDC-42A3-9474-1A3956D46DE8}") = "src", "src", "{E3C609BE-8435-4B9D-A333-3B680EE18A84}"
EndProject
Project("{2150E333-8FDC-42A3-9474-1A3956D46DE8}") = "Services", "Services", "{F928A41E-EAA3-41E1-9F07-6F0AE957816F}"
EndProject
Project("{2150E333-8FDC-42A3-9474-1A3956D46DE8}") = "Identity", "Identity", "{E1C7A178-ADB0-465D-9384-AA49A94CE67E}"
EndProject
Project("{2150E333-8FDC-42A3-9474-1A3956D46DE8}") = "Location", "Location", "{EDB5C343-CDF5-4136-AA3B-F5DAD692E6DA}"
EndProject
Project("{2150E333-8FDC-42A3-9474-1A3956D46DE8}") = "Infrastructure", "Infrastructure", "{D0A8E83B-EB34-4002-94AD-AA073DF47D5F}"
EndProject
Project("{2150E333-8FDC-42A3-9474-1A3956D46DE8}") = "Commons", "Commons", "{A1E68A54-B7DC-4E70-B140-7AAB90B2C45E}"
EndProject
Project("{2150E333-8FDC-42A3-9474-1A3956D46DE8}") = "EventBus", "EventBus", "{ED53AF8B-3DE5-4FE8-8856-79011449E0EF}"
EndProject
Project("{9A19103F-16F7-4668-BE54-9A1E7A4F7556}") = "EventBus", "Commons\EventBus\EventBus\EventBus.csproj", "{8D309DB2-B16D-4C85-B99F-89924027ABF7}"
EndProject
Project("{9A19103F-16F7-4668-BE54-9A1E7A4F7556}") = "EventBusRabbitMQ", "Commons\EventBus\EventBusRabbitMQ\EventBusRabbitMQ.csproj", "{6DCBF4B0-9563-4A23-8F4D-DB311D7FF76F}"
EndProject
Project("{9A19103F-16F7-4668-BE54-9A1E7A4F7556}") = "IntegrationEventLogEF", "Commons\EventBus\IntegrationEventLogEF\IntegrationEventLogEF.csproj", "{0E42A5D6-D5D4-449B-9CFE-BCFA7084D5CA}"
EndProject
Project("{2150E333-8FDC-42A3-9474-1A3956D46DE8}") = "Infrastructure", "Infrastructure", "{FA180C0B-4C21-4B61-8D4F-81DA6CF8F58D}"
EndProject
Project("{2150E333-8FDC-42A3-9474-1A3956D46DE8}") = "Middlewares", "Middlewares", "{6B605B8E-E2EE-4072-81F5-12088284CA29}"
EndProject
Project("{2150E333-8FDC-42A3-9474-1A3956D46DE8}") = "Toolkits", "Toolkits", "{E392F72F-C57E-462F-9023-A8D5FCCB67B0}"
EndProject
Project("{2150E333-8FDC-42A3-9474-1A3956D46DE8}") = "Domain", "Domain", "{15661EF7-9F77-4BC3-BBF8-C92ED10C35A7}"
EndProject
Project("{9A19103F-16F7-4668-BE54-9A1E7A4F7556}") = "Opeqe.Identity.Infrastructure.Data", "Identity\Infrastructure\Opeqe.Identity.Infrastructure.Data\Opeqe.Identity.Infrastructure.Data.csproj", "{04127B3F-F64D-4EC3-9F37-62FE81312AC0}"
EndProject
Project("{9A19103F-16F7-4668-BE54-9A1E7A4F7556}") = "Opeqe.Identity.Infrastructure.Data.MSSQL", "Identity\Infrastructure\Opeqe.Identity.Infrastructure.Data.MSSQL\Opeqe.Identity.Infrastructure.Data.MSSQL.csproj", "{A1D543F8-5AD5-4EE1-9AAE-65977C7BB9B8}"
EndProject
Project("{9A19103F-16F7-4668-BE54-9A1E7A4F7556}") = "Opeqe.Identity.Infrastructure.Entities", "Identity\Infrastructure\Opeqe.Identity.Infrastructure.Entities\Opeqe.Identity.Infrastructure.Entities.csproj", "{2E164CB1-AB70-4CA2-8307-72F6BD7737D2}"
EndProject
Project("{9A19103F-16F7-4668-BE54-9A1E7A4F7556}") = "Opeqe.Identity.Infrastructure.ViewModels", "Identity\Infrastructure\Opeqe.Identity.Infrastructure.ViewModels\Opeqe.Identity.Infrastructure.ViewModels.csproj", "{0ECE0193-BDE5-4D7D-99FC-23506E539E46}"
EndProject
Project("{9A19103F-16F7-4668-BE54-9A1E7A4F7556}") = "Opeqe.IdentityInfrastructure.Mapper", "Identity\Infrastructure\Opeqe.IdentityInfrastructure.Mapper\Opeqe.IdentityInfrastructure.Mapper.csproj", "{16EAE7F5-D593-4A86-813D-F97A528C393A}"
EndProject
Project("{9A19103F-16F7-4668-BE54-9A1E7A4F7556}") = "Opeqe.Identity.Infrastructure.Settings", "Identity\Infrastructure\Opeqe.IdentityInfrastructure.Settings\Opeqe.Identity.Infrastructure.Settings.csproj", "{E8416B19-2A59-40DC-8D07-DE156558535C}"
EndProject
Project("{9A19103F-16F7-4668-BE54-9A1E7A4F7556}") = "Opeqe.Identity.API.Infrastructure.IocConfig", "Identity\API\Opeqe.Identity.API.Infrastructure.IocConfig\Opeqe.Identity.API.Infrastructure.IocConfig.csproj", "{38B19AB2-8427-42DF-BFEC-3EFE528C3CBB}"
EndProject
Project("{9A19103F-16F7-4668-BE54-9A1E7A4F7556}") = "Opeqe.Identity.API", "Identity\API\Opeqe.Identity.API\Opeqe.Identity.API.csproj", "{FD17F66A-43CE-4F20-97DB-D97368779228}"
EndProject
Project("{9A19103F-16F7-4668-BE54-9A1E7A4F7556}") = "Opeqe.Identity.Infrastructure.Services", "Identity\Infrastructure\Opeqe.Identity.Infrastructure.Services\Opeqe.Identity.Infrastructure.Services.csproj", "{22DEFB1E-47B6-4F9B-8AE2-BEFFBFF78628}"
EndProject
Project("{9A19103F-16F7-4668-BE54-9A1E7A4F7556}") = "Opeqe.Domain.SeedWork", "Commons\Domain\Opeqe.Domain.SeedWork\Opeqe.Domain.SeedWork.csproj", "{F80F3D47-04BE-4FD5-8667-E3977BA7C5DD}"
EndProject
Project("{9A19103F-16F7-4668-BE54-9A1E7A4F7556}") = "Opeqe.Infrastructure.ByPassAuthMiddleware", "Commons\InfraStructure\Middlewares\Opeqe.Infrastructure.ByPassAuthMiddleware\Opeqe.Infrastructure.ByPassAuthMiddleware.csproj", "{4BE2EA4F-AE52-4416-B53B-B639C88433F5}"
EndProject
Project("{9A19103F-16F7-4668-BE54-9A1E7A4F7556}") = "Opeqe.Infrastructure.Serilog", "Commons\InfraStructure\Middlewares\Opeqe.Infrastructure.Serilog\Opeqe.Infrastructure.Serilog.csproj", "{A428B5DD-4ECC-4EFD-80F8-619C6B9B31BA}"
EndProject
Project("{9A19103F-16F7-4668-BE54-9A1E7A4F7556}") = "Opeqe.Infrastructure.Toolkits", "Commons\InfraStructure\Opeqe.Infrastructure.Toolkits\Opeqe.Infrastructure.Toolkits.csproj", "{7EE94707-9272-473E-AA5E-C7BC6AD937E6}"
EndProject
Project("{9A19103F-16F7-4668-BE54-9A1E7A4F7556}") = "Opeqe.Infrastructure.Data.Context", "Commons\InfraStructure\Opeqe.Infrastructure.Data.Context\Opeqe.Infrastructure.Data.Context.csproj", "{5E4EF389-77D5-425E-8844-7B1A3BAF493C}"
EndProject
Project("{9A19103F-16F7-4668-BE54-9A1E7A4F7556}") = "Opeqe.Infrastructure.Extensions", "Commons\InfraStructure\Opeqe.Infrastructure.Extensions\Opeqe.Infrastructure.Extensions.csproj", "{D085DE38-1A27-4918-85A9-DC8B512DAEB9}"
EndProject
Project("{9A19103F-16F7-4668-BE54-9A1E7A4F7556}") = "Opeqe.Infrastructure.Idempotency", "Commons\InfraStructure\Opeqe.Infrastructure.Idempotency\Opeqe.Infrastructure.Idempotency.csproj", "{5CAF1151-9B45-4349-87F9-BFE4E1A3A182}"
EndProject
Project("{9A19103F-16F7-4668-BE54-9A1E7A4F7556}") = "Opeqe.Location.API", "Location\Opeqe.Location.API\Opeqe.Location.API.csproj", "{C21F0F3E-E4A9-481E-8738-19D8B32CE01C}"
EndProject
Project("{9A19103F-16F7-4668-BE54-9A1E7A4F7556}") = "Opeqe.Location.Domain", "Location\Opeqe.Location.Domain\Opeqe.Location.Domain.csproj", "{69BAD79E-2251-4C64-94DA-BCD6C3E3ACD9}"
EndProject
Project("{9A19103F-16F7-4668-BE54-9A1E7A4F7556}") = "Opeqe.Location.Infrastructure", "Location\Opeqe.Location.Infrastructure\Opeqe.Location.Infrastructure.csproj", "{21F83779-5D2E-4782-A653-D98726AC937F}"
EndProject
Project("{9A19103F-16F7-4668-BE54-9A1E7A4F7556}") = "Opeqe.Identity.Infrastructure.Data.InMemoryDatabase", "Identity\Infrastructure\Opeqe.Identity.Infrastructure.Data.InMemoryDatabase\Opeqe.Identity.Infrastructure.Data.InMemoryDatabase.csproj", "{C3CCDC56-3399-4F4B-9807-EAB504C1CF0E}"
EndProject
Global
	GlobalSection(SolutionConfigurationPlatforms) = preSolution
		Debug|Any CPU = Debug|Any CPU
		Release|Any CPU = Release|Any CPU
	EndGlobalSection
	GlobalSection(ProjectConfigurationPlatforms) = postSolution
		{8D309DB2-B16D-4C85-B99F-89924027ABF7}.Debug|Any CPU.ActiveCfg = Debug|Any CPU
		{8D309DB2-B16D-4C85-B99F-89924027ABF7}.Debug|Any CPU.Build.0 = Debug|Any CPU
		{8D309DB2-B16D-4C85-B99F-89924027ABF7}.Release|Any CPU.ActiveCfg = Release|Any CPU
		{8D309DB2-B16D-4C85-B99F-89924027ABF7}.Release|Any CPU.Build.0 = Release|Any CPU
		{6DCBF4B0-9563-4A23-8F4D-DB311D7FF76F}.Debug|Any CPU.ActiveCfg = Debug|Any CPU
		{6DCBF4B0-9563-4A23-8F4D-DB311D7FF76F}.Debug|Any CPU.Build.0 = Debug|Any CPU
		{6DCBF4B0-9563-4A23-8F4D-DB311D7FF76F}.Release|Any CPU.ActiveCfg = Release|Any CPU
		{6DCBF4B0-9563-4A23-8F4D-DB311D7FF76F}.Release|Any CPU.Build.0 = Release|Any CPU
		{0E42A5D6-D5D4-449B-9CFE-BCFA7084D5CA}.Debug|Any CPU.ActiveCfg = Debug|Any CPU
		{0E42A5D6-D5D4-449B-9CFE-BCFA7084D5CA}.Debug|Any CPU.Build.0 = Debug|Any CPU
		{0E42A5D6-D5D4-449B-9CFE-BCFA7084D5CA}.Release|Any CPU.ActiveCfg = Release|Any CPU
		{0E42A5D6-D5D4-449B-9CFE-BCFA7084D5CA}.Release|Any CPU.Build.0 = Release|Any CPU
		{04127B3F-F64D-4EC3-9F37-62FE81312AC0}.Debug|Any CPU.ActiveCfg = Debug|Any CPU
		{04127B3F-F64D-4EC3-9F37-62FE81312AC0}.Debug|Any CPU.Build.0 = Debug|Any CPU
		{04127B3F-F64D-4EC3-9F37-62FE81312AC0}.Release|Any CPU.ActiveCfg = Release|Any CPU
		{04127B3F-F64D-4EC3-9F37-62FE81312AC0}.Release|Any CPU.Build.0 = Release|Any CPU
		{A1D543F8-5AD5-4EE1-9AAE-65977C7BB9B8}.Debug|Any CPU.ActiveCfg = Debug|Any CPU
		{A1D543F8-5AD5-4EE1-9AAE-65977C7BB9B8}.Debug|Any CPU.Build.0 = Debug|Any CPU
		{A1D543F8-5AD5-4EE1-9AAE-65977C7BB9B8}.Release|Any CPU.ActiveCfg = Release|Any CPU
		{A1D543F8-5AD5-4EE1-9AAE-65977C7BB9B8}.Release|Any CPU.Build.0 = Release|Any CPU
		{2E164CB1-AB70-4CA2-8307-72F6BD7737D2}.Debug|Any CPU.ActiveCfg = Debug|Any CPU
		{2E164CB1-AB70-4CA2-8307-72F6BD7737D2}.Debug|Any CPU.Build.0 = Debug|Any CPU
		{2E164CB1-AB70-4CA2-8307-72F6BD7737D2}.Release|Any CPU.ActiveCfg = Release|Any CPU
		{2E164CB1-AB70-4CA2-8307-72F6BD7737D2}.Release|Any CPU.Build.0 = Release|Any CPU
		{0ECE0193-BDE5-4D7D-99FC-23506E539E46}.Debug|Any CPU.ActiveCfg = Debug|Any CPU
		{0ECE0193-BDE5-4D7D-99FC-23506E539E46}.Debug|Any CPU.Build.0 = Debug|Any CPU
		{0ECE0193-BDE5-4D7D-99FC-23506E539E46}.Release|Any CPU.ActiveCfg = Release|Any CPU
		{0ECE0193-BDE5-4D7D-99FC-23506E539E46}.Release|Any CPU.Build.0 = Release|Any CPU
		{16EAE7F5-D593-4A86-813D-F97A528C393A}.Debug|Any CPU.ActiveCfg = Debug|Any CPU
		{16EAE7F5-D593-4A86-813D-F97A528C393A}.Debug|Any CPU.Build.0 = Debug|Any CPU
		{16EAE7F5-D593-4A86-813D-F97A528C393A}.Release|Any CPU.ActiveCfg = Release|Any CPU
		{16EAE7F5-D593-4A86-813D-F97A528C393A}.Release|Any CPU.Build.0 = Release|Any CPU
		{E8416B19-2A59-40DC-8D07-DE156558535C}.Debug|Any CPU.ActiveCfg = Debug|Any CPU
		{E8416B19-2A59-40DC-8D07-DE156558535C}.Debug|Any CPU.Build.0 = Debug|Any CPU
		{E8416B19-2A59-40DC-8D07-DE156558535C}.Release|Any CPU.ActiveCfg = Release|Any CPU
		{E8416B19-2A59-40DC-8D07-DE156558535C}.Release|Any CPU.Build.0 = Release|Any CPU
		{38B19AB2-8427-42DF-BFEC-3EFE528C3CBB}.Debug|Any CPU.ActiveCfg = Debug|Any CPU
		{38B19AB2-8427-42DF-BFEC-3EFE528C3CBB}.Debug|Any CPU.Build.0 = Debug|Any CPU
		{38B19AB2-8427-42DF-BFEC-3EFE528C3CBB}.Release|Any CPU.ActiveCfg = Release|Any CPU
		{38B19AB2-8427-42DF-BFEC-3EFE528C3CBB}.Release|Any CPU.Build.0 = Release|Any CPU
		{FD17F66A-43CE-4F20-97DB-D97368779228}.Debug|Any CPU.ActiveCfg = Debug|Any CPU
		{FD17F66A-43CE-4F20-97DB-D97368779228}.Debug|Any CPU.Build.0 = Debug|Any CPU
		{FD17F66A-43CE-4F20-97DB-D97368779228}.Release|Any CPU.ActiveCfg = Release|Any CPU
		{FD17F66A-43CE-4F20-97DB-D97368779228}.Release|Any CPU.Build.0 = Release|Any CPU
		{22DEFB1E-47B6-4F9B-8AE2-BEFFBFF78628}.Debug|Any CPU.ActiveCfg = Debug|Any CPU
		{22DEFB1E-47B6-4F9B-8AE2-BEFFBFF78628}.Debug|Any CPU.Build.0 = Debug|Any CPU
		{22DEFB1E-47B6-4F9B-8AE2-BEFFBFF78628}.Release|Any CPU.ActiveCfg = Release|Any CPU
		{22DEFB1E-47B6-4F9B-8AE2-BEFFBFF78628}.Release|Any CPU.Build.0 = Release|Any CPU
		{F80F3D47-04BE-4FD5-8667-E3977BA7C5DD}.Debug|Any CPU.ActiveCfg = Debug|Any CPU
		{F80F3D47-04BE-4FD5-8667-E3977BA7C5DD}.Debug|Any CPU.Build.0 = Debug|Any CPU
		{F80F3D47-04BE-4FD5-8667-E3977BA7C5DD}.Release|Any CPU.ActiveCfg = Release|Any CPU
		{F80F3D47-04BE-4FD5-8667-E3977BA7C5DD}.Release|Any CPU.Build.0 = Release|Any CPU
		{4BE2EA4F-AE52-4416-B53B-B639C88433F5}.Debug|Any CPU.ActiveCfg = Debug|Any CPU
		{4BE2EA4F-AE52-4416-B53B-B639C88433F5}.Debug|Any CPU.Build.0 = Debug|Any CPU
		{4BE2EA4F-AE52-4416-B53B-B639C88433F5}.Release|Any CPU.ActiveCfg = Release|Any CPU
		{4BE2EA4F-AE52-4416-B53B-B639C88433F5}.Release|Any CPU.Build.0 = Release|Any CPU
		{A428B5DD-4ECC-4EFD-80F8-619C6B9B31BA}.Debug|Any CPU.ActiveCfg = Debug|Any CPU
		{A428B5DD-4ECC-4EFD-80F8-619C6B9B31BA}.Debug|Any CPU.Build.0 = Debug|Any CPU
		{A428B5DD-4ECC-4EFD-80F8-619C6B9B31BA}.Release|Any CPU.ActiveCfg = Release|Any CPU
		{A428B5DD-4ECC-4EFD-80F8-619C6B9B31BA}.Release|Any CPU.Build.0 = Release|Any CPU
		{7EE94707-9272-473E-AA5E-C7BC6AD937E6}.Debug|Any CPU.ActiveCfg = Debug|Any CPU
		{7EE94707-9272-473E-AA5E-C7BC6AD937E6}.Debug|Any CPU.Build.0 = Debug|Any CPU
		{7EE94707-9272-473E-AA5E-C7BC6AD937E6}.Release|Any CPU.ActiveCfg = Release|Any CPU
		{7EE94707-9272-473E-AA5E-C7BC6AD937E6}.Release|Any CPU.Build.0 = Release|Any CPU
		{5E4EF389-77D5-425E-8844-7B1A3BAF493C}.Debug|Any CPU.ActiveCfg = Debug|Any CPU
		{5E4EF389-77D5-425E-8844-7B1A3BAF493C}.Debug|Any CPU.Build.0 = Debug|Any CPU
		{5E4EF389-77D5-425E-8844-7B1A3BAF493C}.Release|Any CPU.ActiveCfg = Release|Any CPU
		{5E4EF389-77D5-425E-8844-7B1A3BAF493C}.Release|Any CPU.Build.0 = Release|Any CPU
		{D085DE38-1A27-4918-85A9-DC8B512DAEB9}.Debug|Any CPU.ActiveCfg = Debug|Any CPU
		{D085DE38-1A27-4918-85A9-DC8B512DAEB9}.Debug|Any CPU.Build.0 = Debug|Any CPU
		{D085DE38-1A27-4918-85A9-DC8B512DAEB9}.Release|Any CPU.ActiveCfg = Release|Any CPU
		{D085DE38-1A27-4918-85A9-DC8B512DAEB9}.Release|Any CPU.Build.0 = Release|Any CPU
		{5CAF1151-9B45-4349-87F9-BFE4E1A3A182}.Debug|Any CPU.ActiveCfg = Debug|Any CPU
		{5CAF1151-9B45-4349-87F9-BFE4E1A3A182}.Debug|Any CPU.Build.0 = Debug|Any CPU
		{5CAF1151-9B45-4349-87F9-BFE4E1A3A182}.Release|Any CPU.ActiveCfg = Release|Any CPU
		{5CAF1151-9B45-4349-87F9-BFE4E1A3A182}.Release|Any CPU.Build.0 = Release|Any CPU
		{C21F0F3E-E4A9-481E-8738-19D8B32CE01C}.Debug|Any CPU.ActiveCfg = Debug|Any CPU
		{C21F0F3E-E4A9-481E-8738-19D8B32CE01C}.Debug|Any CPU.Build.0 = Debug|Any CPU
		{C21F0F3E-E4A9-481E-8738-19D8B32CE01C}.Release|Any CPU.ActiveCfg = Release|Any CPU
		{C21F0F3E-E4A9-481E-8738-19D8B32CE01C}.Release|Any CPU.Build.0 = Release|Any CPU
		{69BAD79E-2251-4C64-94DA-BCD6C3E3ACD9}.Debug|Any CPU.ActiveCfg = Debug|Any CPU
		{69BAD79E-2251-4C64-94DA-BCD6C3E3ACD9}.Debug|Any CPU.Build.0 = Debug|Any CPU
		{69BAD79E-2251-4C64-94DA-BCD6C3E3ACD9}.Release|Any CPU.ActiveCfg = Release|Any CPU
		{69BAD79E-2251-4C64-94DA-BCD6C3E3ACD9}.Release|Any CPU.Build.0 = Release|Any CPU
		{21F83779-5D2E-4782-A653-D98726AC937F}.Debug|Any CPU.ActiveCfg = Debug|Any CPU
		{21F83779-5D2E-4782-A653-D98726AC937F}.Debug|Any CPU.Build.0 = Debug|Any CPU
		{21F83779-5D2E-4782-A653-D98726AC937F}.Release|Any CPU.ActiveCfg = Release|Any CPU
		{21F83779-5D2E-4782-A653-D98726AC937F}.Release|Any CPU.Build.0 = Release|Any CPU
		{C3CCDC56-3399-4F4B-9807-EAB504C1CF0E}.Debug|Any CPU.ActiveCfg = Debug|Any CPU
		{C3CCDC56-3399-4F4B-9807-EAB504C1CF0E}.Debug|Any CPU.Build.0 = Debug|Any CPU
		{C3CCDC56-3399-4F4B-9807-EAB504C1CF0E}.Release|Any CPU.ActiveCfg = Release|Any CPU
		{C3CCDC56-3399-4F4B-9807-EAB504C1CF0E}.Release|Any CPU.Build.0 = Release|Any CPU
	EndGlobalSection
	GlobalSection(SolutionProperties) = preSolution
		HideSolutionNode = FALSE
	EndGlobalSection
	GlobalSection(NestedProjects) = preSolution
		{F928A41E-EAA3-41E1-9F07-6F0AE957816F} = {E3C609BE-8435-4B9D-A333-3B680EE18A84}
		{E1C7A178-ADB0-465D-9384-AA49A94CE67E} = {F928A41E-EAA3-41E1-9F07-6F0AE957816F}
		{EDB5C343-CDF5-4136-AA3B-F5DAD692E6DA} = {F928A41E-EAA3-41E1-9F07-6F0AE957816F}
		{D0A8E83B-EB34-4002-94AD-AA073DF47D5F} = {E1C7A178-ADB0-465D-9384-AA49A94CE67E}
		{A1E68A54-B7DC-4E70-B140-7AAB90B2C45E} = {E3C609BE-8435-4B9D-A333-3B680EE18A84}
		{ED53AF8B-3DE5-4FE8-8856-79011449E0EF} = {A1E68A54-B7DC-4E70-B140-7AAB90B2C45E}
		{8D309DB2-B16D-4C85-B99F-89924027ABF7} = {ED53AF8B-3DE5-4FE8-8856-79011449E0EF}
		{6DCBF4B0-9563-4A23-8F4D-DB311D7FF76F} = {ED53AF8B-3DE5-4FE8-8856-79011449E0EF}
		{0E42A5D6-D5D4-449B-9CFE-BCFA7084D5CA} = {ED53AF8B-3DE5-4FE8-8856-79011449E0EF}
		{FA180C0B-4C21-4B61-8D4F-81DA6CF8F58D} = {A1E68A54-B7DC-4E70-B140-7AAB90B2C45E}
		{6B605B8E-E2EE-4072-81F5-12088284CA29} = {FA180C0B-4C21-4B61-8D4F-81DA6CF8F58D}
		{E392F72F-C57E-462F-9023-A8D5FCCB67B0} = {FA180C0B-4C21-4B61-8D4F-81DA6CF8F58D}
		{15661EF7-9F77-4BC3-BBF8-C92ED10C35A7} = {A1E68A54-B7DC-4E70-B140-7AAB90B2C45E}
		{04127B3F-F64D-4EC3-9F37-62FE81312AC0} = {D0A8E83B-EB34-4002-94AD-AA073DF47D5F}
		{A1D543F8-5AD5-4EE1-9AAE-65977C7BB9B8} = {D0A8E83B-EB34-4002-94AD-AA073DF47D5F}
		{2E164CB1-AB70-4CA2-8307-72F6BD7737D2} = {D0A8E83B-EB34-4002-94AD-AA073DF47D5F}
		{0ECE0193-BDE5-4D7D-99FC-23506E539E46} = {D0A8E83B-EB34-4002-94AD-AA073DF47D5F}
		{16EAE7F5-D593-4A86-813D-F97A528C393A} = {D0A8E83B-EB34-4002-94AD-AA073DF47D5F}
		{E8416B19-2A59-40DC-8D07-DE156558535C} = {D0A8E83B-EB34-4002-94AD-AA073DF47D5F}
		{38B19AB2-8427-42DF-BFEC-3EFE528C3CBB} = {D0A8E83B-EB34-4002-94AD-AA073DF47D5F}
		{FD17F66A-43CE-4F20-97DB-D97368779228} = {E1C7A178-ADB0-465D-9384-AA49A94CE67E}
		{22DEFB1E-47B6-4F9B-8AE2-BEFFBFF78628} = {D0A8E83B-EB34-4002-94AD-AA073DF47D5F}
		{F80F3D47-04BE-4FD5-8667-E3977BA7C5DD} = {15661EF7-9F77-4BC3-BBF8-C92ED10C35A7}
		{4BE2EA4F-AE52-4416-B53B-B639C88433F5} = {6B605B8E-E2EE-4072-81F5-12088284CA29}
		{A428B5DD-4ECC-4EFD-80F8-619C6B9B31BA} = {6B605B8E-E2EE-4072-81F5-12088284CA29}
		{7EE94707-9272-473E-AA5E-C7BC6AD937E6} = {E392F72F-C57E-462F-9023-A8D5FCCB67B0}
		{5E4EF389-77D5-425E-8844-7B1A3BAF493C} = {FA180C0B-4C21-4B61-8D4F-81DA6CF8F58D}
		{D085DE38-1A27-4918-85A9-DC8B512DAEB9} = {FA180C0B-4C21-4B61-8D4F-81DA6CF8F58D}
		{5CAF1151-9B45-4349-87F9-BFE4E1A3A182} = {FA180C0B-4C21-4B61-8D4F-81DA6CF8F58D}
		{C21F0F3E-E4A9-481E-8738-19D8B32CE01C} = {EDB5C343-CDF5-4136-AA3B-F5DAD692E6DA}
		{69BAD79E-2251-4C64-94DA-BCD6C3E3ACD9} = {EDB5C343-CDF5-4136-AA3B-F5DAD692E6DA}
		{21F83779-5D2E-4782-A653-D98726AC937F} = {EDB5C343-CDF5-4136-AA3B-F5DAD692E6DA}
		{C3CCDC56-3399-4F4B-9807-EAB504C1CF0E} = {D0A8E83B-EB34-4002-94AD-AA073DF47D5F}
	EndGlobalSection
	GlobalSection(ExtensibilityGlobals) = postSolution
		SolutionGuid = {E5A404CE-3643-483E-897F-6F8A32C0371E}
	EndGlobalSection
EndGlobal
